
Microsoft Visual Studio Solution File, Format Version 12.00
# Visual Studio Version 16
VisualStudioVersion = 16.6.30114.105
MinimumVisualStudioVersion = 10.0.40219.1
Project("{FAE04EC0-301F-11D3-BF4B-00C04F79EFBC}") = "Api", "Api\Api.csproj", "{A6C1EF81-F617-454D-A68B-72153FC0EB89}"
EndProject
Project("{FAE04EC0-301F-11D3-BF4B-00C04F79EFBC}") = "Domain", "Domain\Domain.csproj", "{DF0E0017-EA20-44EF-899B-1DB2E150DEF1}"
EndProject
Project("{FAE04EC0-301F-11D3-BF4B-00C04F79EFBC}") = "UnitOfWork", "UnitOfWork\UnitOfWork.csproj", "{F36E228D-5A86-40FB-BDDE-67E20B3BA318}"
EndProject
Project("{FAE04EC0-301F-11D3-BF4B-00C04F79EFBC}") = "Repository", "Repository\Repository.csproj", "{909FA0AA-ADC3-4E84-85DF-5A6EE868D5F9}"
EndProject
Project("{FAE04EC0-301F-11D3-BF4B-00C04F79EFBC}") = "Services", "Services\Services.csproj", "{8E68DC24-D247-4A98-B3F7-6ED4896DDC18}"
EndProject
Global
	GlobalSection(SolutionConfigurationPlatforms) = preSolution
		Debug|Any CPU = Debug|Any CPU
		Debug|x64 = Debug|x64
		Debug|x86 = Debug|x86
		Release|Any CPU = Release|Any CPU
		Release|x64 = Release|x64
		Release|x86 = Release|x86
	EndGlobalSection
	GlobalSection(SolutionProperties) = preSolution
		HideSolutionNode = FALSE
	EndGlobalSection
	GlobalSection(ProjectConfigurationPlatforms) = postSolution
		{A6C1EF81-F617-454D-A68B-72153FC0EB89}.Debug|Any CPU.ActiveCfg = Debug|Any CPU
		{A6C1EF81-F617-454D-A68B-72153FC0EB89}.Debug|Any CPU.Build.0 = Debug|Any CPU
		{A6C1EF81-F617-454D-A68B-72153FC0EB89}.Debug|x64.ActiveCfg = Debug|Any CPU
		{A6C1EF81-F617-454D-A68B-72153FC0EB89}.Debug|x64.Build.0 = Debug|Any CPU
		{A6C1EF81-F617-454D-A68B-72153FC0EB89}.Debug|x86.ActiveCfg = Debug|Any CPU
		{A6C1EF81-F617-454D-A68B-72153FC0EB89}.Debug|x86.Build.0 = Debug|Any CPU
		{A6C1EF81-F617-454D-A68B-72153FC0EB89}.Release|Any CPU.ActiveCfg = Release|Any CPU
		{A6C1EF81-F617-454D-A68B-72153FC0EB89}.Release|Any CPU.Build.0 = Release|Any CPU
		{A6C1EF81-F617-454D-A68B-72153FC0EB89}.Release|x64.ActiveCfg = Release|Any CPU
		{A6C1EF81-F617-454D-A68B-72153FC0EB89}.Release|x64.Build.0 = Release|Any CPU
		{A6C1EF81-F617-454D-A68B-72153FC0EB89}.Release|x86.ActiveCfg = Release|Any CPU
		{A6C1EF81-F617-454D-A68B-72153FC0EB89}.Release|x86.Build.0 = Release|Any CPU
		{DF0E0017-EA20-44EF-899B-1DB2E150DEF1}.Debug|Any CPU.ActiveCfg = Debug|Any CPU
		{DF0E0017-EA20-44EF-899B-1DB2E150DEF1}.Debug|Any CPU.Build.0 = Debug|Any CPU
		{DF0E0017-EA20-44EF-899B-1DB2E150DEF1}.Debug|x64.ActiveCfg = Debug|Any CPU
		{DF0E0017-EA20-44EF-899B-1DB2E150DEF1}.Debug|x64.Build.0 = Debug|Any CPU
		{DF0E0017-EA20-44EF-899B-1DB2E150DEF1}.Debug|x86.ActiveCfg = Debug|Any CPU
		{DF0E0017-EA20-44EF-899B-1DB2E150DEF1}.Debug|x86.Build.0 = Debug|Any CPU
		{DF0E0017-EA20-44EF-899B-1DB2E150DEF1}.Release|Any CPU.ActiveCfg = Release|Any CPU
		{DF0E0017-EA20-44EF-899B-1DB2E150DEF1}.Release|Any CPU.Build.0 = Release|Any CPU
		{DF0E0017-EA20-44EF-899B-1DB2E150DEF1}.Release|x64.ActiveCfg = Release|Any CPU
		{DF0E0017-EA20-44EF-899B-1DB2E150DEF1}.Release|x64.Build.0 = Release|Any CPU
		{DF0E0017-EA20-44EF-899B-1DB2E150DEF1}.Release|x86.ActiveCfg = Release|Any CPU
		{DF0E0017-EA20-44EF-899B-1DB2E150DEF1}.Release|x86.Build.0 = Release|Any CPU
		{F36E228D-5A86-40FB-BDDE-67E20B3BA318}.Debug|Any CPU.ActiveCfg = Debug|Any CPU
		{F36E228D-5A86-40FB-BDDE-67E20B3BA318}.Debug|Any CPU.Build.0 = Debug|Any CPU
		{F36E228D-5A86-40FB-BDDE-67E20B3BA318}.Debug|x64.ActiveCfg = Debug|Any CPU
		{F36E228D-5A86-40FB-BDDE-67E20B3BA318}.Debug|x64.Build.0 = Debug|Any CPU
		{F36E228D-5A86-40FB-BDDE-67E20B3BA318}.Debug|x86.ActiveCfg = Debug|Any CPU
		{F36E228D-5A86-40FB-BDDE-67E20B3BA318}.Debug|x86.Build.0 = Debug|Any CPU
		{F36E228D-5A86-40FB-BDDE-67E20B3BA318}.Release|Any CPU.ActiveCfg = Release|Any CPU
		{F36E228D-5A86-40FB-BDDE-67E20B3BA318}.Release|Any CPU.Build.0 = Release|Any CPU
		{F36E228D-5A86-40FB-BDDE-67E20B3BA318}.Release|x64.ActiveCfg = Release|Any CPU
		{F36E228D-5A86-40FB-BDDE-67E20B3BA318}.Release|x64.Build.0 = Release|Any CPU
		{F36E228D-5A86-40FB-BDDE-67E20B3BA318}.Release|x86.ActiveCfg = Release|Any CPU
		{F36E228D-5A86-40FB-BDDE-67E20B3BA318}.Release|x86.Build.0 = Release|Any CPU
		{909FA0AA-ADC3-4E84-85DF-5A6EE868D5F9}.Debug|Any CPU.ActiveCfg = Debug|Any CPU
		{909FA0AA-ADC3-4E84-85DF-5A6EE868D5F9}.Debug|Any CPU.Build.0 = Debug|Any CPU
		{909FA0AA-ADC3-4E84-85DF-5A6EE868D5F9}.Debug|x64.ActiveCfg = Debug|Any CPU
		{909FA0AA-ADC3-4E84-85DF-5A6EE868D5F9}.Debug|x64.Build.0 = Debug|Any CPU
		{909FA0AA-ADC3-4E84-85DF-5A6EE868D5F9}.Debug|x86.ActiveCfg = Debug|Any CPU
		{909FA0AA-ADC3-4E84-85DF-5A6EE868D5F9}.Debug|x86.Build.0 = Debug|Any CPU
		{909FA0AA-ADC3-4E84-85DF-5A6EE868D5F9}.Release|Any CPU.ActiveCfg = Release|Any CPU
		{909FA0AA-ADC3-4E84-85DF-5A6EE868D5F9}.Release|Any CPU.Build.0 = Release|Any CPU
		{909FA0AA-ADC3-4E84-85DF-5A6EE868D5F9}.Release|x64.ActiveCfg = Release|Any CPU
		{909FA0AA-ADC3-4E84-85DF-5A6EE868D5F9}.Release|x64.Build.0 = Release|Any CPU
		{909FA0AA-ADC3-4E84-85DF-5A6EE868D5F9}.Release|x86.ActiveCfg = Release|Any CPU
		{909FA0AA-ADC3-4E84-85DF-5A6EE868D5F9}.Release|x86.Build.0 = Release|Any CPU
		{8E68DC24-D247-4A98-B3F7-6ED4896DDC18}.Debug|Any CPU.ActiveCfg = Debug|Any CPU
		{8E68DC24-D247-4A98-B3F7-6ED4896DDC18}.Debug|Any CPU.Build.0 = Debug|Any CPU
		{8E68DC24-D247-4A98-B3F7-6ED4896DDC18}.Debug|x64.ActiveCfg = Debug|Any CPU
		{8E68DC24-D247-4A98-B3F7-6ED4896DDC18}.Debug|x64.Build.0 = Debug|Any CPU
		{8E68DC24-D247-4A98-B3F7-6ED4896DDC18}.Debug|x86.ActiveCfg = Debug|Any CPU
		{8E68DC24-D247-4A98-B3F7-6ED4896DDC18}.Debug|x86.Build.0 = Debug|Any CPU
		{8E68DC24-D247-4A98-B3F7-6ED4896DDC18}.Release|Any CPU.ActiveCfg = Release|Any CPU
		{8E68DC24-D247-4A98-B3F7-6ED4896DDC18}.Release|Any CPU.Build.0 = Release|Any CPU
		{8E68DC24-D247-4A98-B3F7-6ED4896DDC18}.Release|x64.ActiveCfg = Release|Any CPU
		{8E68DC24-D247-4A98-B3F7-6ED4896DDC18}.Release|x64.Build.0 = Release|Any CPU
		{8E68DC24-D247-4A98-B3F7-6ED4896DDC18}.Release|x86.ActiveCfg = Release|Any CPU
		{8E68DC24-D247-4A98-B3F7-6ED4896DDC18}.Release|x86.Build.0 = Release|Any CPU
	EndGlobalSection
EndGlobal
